// !$*UTF8*$!
{
	archiveVersion = 1;
	classes = {
	};
	objectVersion = 50;
	objects = {

/* Begin PBXBuildFile section */
		A03D41C120C778DD009A6E8F /* ToDoItemTests.swift in Sources */ = {isa = PBXBuildFile; fileRef = A03D41C020C778DD009A6E8F /* ToDoItemTests.swift */; };
		A03D41C720C78BF6009A6E8F /* ItemManagerTests.swift in Sources */ = {isa = PBXBuildFile; fileRef = A03D41C620C78BF6009A6E8F /* ItemManagerTests.swift */; };
		A03D41CB20C7CD25009A6E8F /* LocationTest.swift in Sources */ = {isa = PBXBuildFile; fileRef = A03D41CA20C7CD25009A6E8F /* LocationTest.swift */; };
		A03D41D220C7D388009A6E8F /* Location.swift in Sources */ = {isa = PBXBuildFile; fileRef = A03D41CF20C7D388009A6E8F /* Location.swift */; };
		A03D41D320C7D388009A6E8F /* ToDoItem.swift in Sources */ = {isa = PBXBuildFile; fileRef = A03D41D020C7D388009A6E8F /* ToDoItem.swift */; };
		A03D41D420C7D388009A6E8F /* ItemManager.swift in Sources */ = {isa = PBXBuildFile; fileRef = A03D41D120C7D388009A6E8F /* ItemManager.swift */; };
		A03D41D720C7D790009A6E8F /* ItemListViewControllerTest.swift in Sources */ = {isa = PBXBuildFile; fileRef = A03D41D620C7D790009A6E8F /* ItemListViewControllerTest.swift */; };
		A03D41D920C7D81E009A6E8F /* ItemListViewController.swift in Sources */ = {isa = PBXBuildFile; fileRef = A03D41D820C7D81E009A6E8F /* ItemListViewController.swift */; };
		A03D41DD20C7E072009A6E8F /* ItemListDataProvider.swift in Sources */ = {isa = PBXBuildFile; fileRef = A03D41DC20C7E072009A6E8F /* ItemListDataProvider.swift */; };
		A03D41DF20C90AB7009A6E8F /* ItemListDataProviderTest.swift in Sources */ = {isa = PBXBuildFile; fileRef = A03D41DE20C90AB7009A6E8F /* ItemListDataProviderTest.swift */; };
		A03D41E120C91499009A6E8F /* ItemCell.swift in Sources */ = {isa = PBXBuildFile; fileRef = A03D41E020C91499009A6E8F /* ItemCell.swift */; };
		A03D41E320CE0FE0009A6E8F /* ItemCellTests.swift in Sources */ = {isa = PBXBuildFile; fileRef = A03D41E220CE0FE0009A6E8F /* ItemCellTests.swift */; };
		A03D41E520CE20D5009A6E8F /* DetailViewControllerTests.swift in Sources */ = {isa = PBXBuildFile; fileRef = A03D41E420CE20D5009A6E8F /* DetailViewControllerTests.swift */; };
		A03D41E720CE21B8009A6E8F /* DetailViewController.swift in Sources */ = {isa = PBXBuildFile; fileRef = A03D41E620CE21B8009A6E8F /* DetailViewController.swift */; };
		A03D41E920CE54C0009A6E8F /* InputViewControllerTests.swift in Sources */ = {isa = PBXBuildFile; fileRef = A03D41E820CE54C0009A6E8F /* InputViewControllerTests.swift */; };
		A03D41EB20CE569B009A6E8F /* InputViewController.swift in Sources */ = {isa = PBXBuildFile; fileRef = A03D41EA20CE569B009A6E8F /* InputViewController.swift */; };
		A08715BE20C75383003B620E /* AppDelegate.swift in Sources */ = {isa = PBXBuildFile; fileRef = A08715BD20C75383003B620E /* AppDelegate.swift */; };
		A08715C020C75383003B620E /* ViewController.swift in Sources */ = {isa = PBXBuildFile; fileRef = A08715BF20C75383003B620E /* ViewController.swift */; };
		A08715C320C75383003B620E /* Main.storyboard in Resources */ = {isa = PBXBuildFile; fileRef = A08715C120C75383003B620E /* Main.storyboard */; };
		A08715C520C75385003B620E /* Assets.xcassets in Resources */ = {isa = PBXBuildFile; fileRef = A08715C420C75385003B620E /* Assets.xcassets */; };
		A08715C820C75385003B620E /* LaunchScreen.storyboard in Resources */ = {isa = PBXBuildFile; fileRef = A08715C620C75385003B620E /* LaunchScreen.storyboard */; };
		A08715D320C75385003B620E /* ToDoTests.swift in Sources */ = {isa = PBXBuildFile; fileRef = A08715D220C75385003B620E /* ToDoTests.swift */; };
		A0CEA8FE20CE729800095C2E /* APIClient.swift in Sources */ = {isa = PBXBuildFile; fileRef = A0CEA8FD20CE729800095C2E /* APIClient.swift */; };
		A0CEA90020CE72C200095C2E /* APIClientTest.swift in Sources */ = {isa = PBXBuildFile; fileRef = A0CEA8FF20CE72C200095C2E /* APIClientTest.swift */; };
/* End PBXBuildFile section */

/* Begin PBXContainerItemProxy section */
		A08715CF20C75385003B620E /* PBXContainerItemProxy */ = {
			isa = PBXContainerItemProxy;
			containerPortal = A08715B220C75383003B620E /* Project object */;
			proxyType = 1;
			remoteGlobalIDString = A08715B920C75383003B620E;
			remoteInfo = ToDo;
		};
/* End PBXContainerItemProxy section */

/* Begin PBXFileReference section */
		A03D41C020C778DD009A6E8F /* ToDoItemTests.swift */ = {isa = PBXFileReference; lastKnownFileType = sourcecode.swift; path = ToDoItemTests.swift; sourceTree = "<group>"; };
		A03D41C620C78BF6009A6E8F /* ItemManagerTests.swift */ = {isa = PBXFileReference; lastKnownFileType = sourcecode.swift; path = ItemManagerTests.swift; sourceTree = "<group>"; };
		A03D41CA20C7CD25009A6E8F /* LocationTest.swift */ = {isa = PBXFileReference; lastKnownFileType = sourcecode.swift; path = LocationTest.swift; sourceTree = "<group>"; };
		A03D41CF20C7D388009A6E8F /* Location.swift */ = {isa = PBXFileReference; fileEncoding = 4; lastKnownFileType = sourcecode.swift; path = Location.swift; sourceTree = "<group>"; };
		A03D41D020C7D388009A6E8F /* ToDoItem.swift */ = {isa = PBXFileReference; fileEncoding = 4; lastKnownFileType = sourcecode.swift; path = ToDoItem.swift; sourceTree = "<group>"; };
		A03D41D120C7D388009A6E8F /* ItemManager.swift */ = {isa = PBXFileReference; fileEncoding = 4; lastKnownFileType = sourcecode.swift; path = ItemManager.swift; sourceTree = "<group>"; };
		A03D41D620C7D790009A6E8F /* ItemListViewControllerTest.swift */ = {isa = PBXFileReference; lastKnownFileType = sourcecode.swift; path = ItemListViewControllerTest.swift; sourceTree = "<group>"; };
		A03D41D820C7D81E009A6E8F /* ItemListViewController.swift */ = {isa = PBXFileReference; lastKnownFileType = sourcecode.swift; path = ItemListViewController.swift; sourceTree = "<group>"; };
		A03D41DC20C7E072009A6E8F /* ItemListDataProvider.swift */ = {isa = PBXFileReference; lastKnownFileType = sourcecode.swift; path = ItemListDataProvider.swift; sourceTree = "<group>"; };
		A03D41DE20C90AB7009A6E8F /* ItemListDataProviderTest.swift */ = {isa = PBXFileReference; lastKnownFileType = sourcecode.swift; path = ItemListDataProviderTest.swift; sourceTree = "<group>"; };
		A03D41E020C91499009A6E8F /* ItemCell.swift */ = {isa = PBXFileReference; lastKnownFileType = sourcecode.swift; path = ItemCell.swift; sourceTree = "<group>"; };
		A03D41E220CE0FE0009A6E8F /* ItemCellTests.swift */ = {isa = PBXFileReference; lastKnownFileType = sourcecode.swift; path = ItemCellTests.swift; sourceTree = "<group>"; };
		A03D41E420CE20D5009A6E8F /* DetailViewControllerTests.swift */ = {isa = PBXFileReference; lastKnownFileType = sourcecode.swift; path = DetailViewControllerTests.swift; sourceTree = "<group>"; };
		A03D41E620CE21B8009A6E8F /* DetailViewController.swift */ = {isa = PBXFileReference; lastKnownFileType = sourcecode.swift; path = DetailViewController.swift; sourceTree = "<group>"; };
		A03D41E820CE54C0009A6E8F /* InputViewControllerTests.swift */ = {isa = PBXFileReference; lastKnownFileType = sourcecode.swift; path = InputViewControllerTests.swift; sourceTree = "<group>"; };
		A03D41EA20CE569B009A6E8F /* InputViewController.swift */ = {isa = PBXFileReference; lastKnownFileType = sourcecode.swift; path = InputViewController.swift; sourceTree = "<group>"; };
		A08715BA20C75383003B620E /* ToDo.app */ = {isa = PBXFileReference; explicitFileType = wrapper.application; includeInIndex = 0; path = ToDo.app; sourceTree = BUILT_PRODUCTS_DIR; };
		A08715BD20C75383003B620E /* AppDelegate.swift */ = {isa = PBXFileReference; lastKnownFileType = sourcecode.swift; path = AppDelegate.swift; sourceTree = "<group>"; };
		A08715BF20C75383003B620E /* ViewController.swift */ = {isa = PBXFileReference; lastKnownFileType = sourcecode.swift; path = ViewController.swift; sourceTree = "<group>"; };
		A08715C220C75383003B620E /* Base */ = {isa = PBXFileReference; lastKnownFileType = file.storyboard; name = Base; path = Base.lproj/Main.storyboard; sourceTree = "<group>"; };
		A08715C420C75385003B620E /* Assets.xcassets */ = {isa = PBXFileReference; lastKnownFileType = folder.assetcatalog; path = Assets.xcassets; sourceTree = "<group>"; };
		A08715C720C75385003B620E /* Base */ = {isa = PBXFileReference; lastKnownFileType = file.storyboard; name = Base; path = Base.lproj/LaunchScreen.storyboard; sourceTree = "<group>"; };
		A08715C920C75385003B620E /* Info.plist */ = {isa = PBXFileReference; lastKnownFileType = text.plist.xml; path = Info.plist; sourceTree = "<group>"; };
		A08715CE20C75385003B620E /* ToDoTests.xctest */ = {isa = PBXFileReference; explicitFileType = wrapper.cfbundle; includeInIndex = 0; path = ToDoTests.xctest; sourceTree = BUILT_PRODUCTS_DIR; };
		A08715D220C75385003B620E /* ToDoTests.swift */ = {isa = PBXFileReference; lastKnownFileType = sourcecode.swift; path = ToDoTests.swift; sourceTree = "<group>"; };
		A08715D420C75385003B620E /* Info.plist */ = {isa = PBXFileReference; lastKnownFileType = text.plist.xml; path = Info.plist; sourceTree = "<group>"; };
		A0CEA8FD20CE729800095C2E /* APIClient.swift */ = {isa = PBXFileReference; lastKnownFileType = sourcecode.swift; path = APIClient.swift; sourceTree = "<group>"; };
		A0CEA8FF20CE72C200095C2E /* APIClientTest.swift */ = {isa = PBXFileReference; lastKnownFileType = sourcecode.swift; path = APIClientTest.swift; sourceTree = "<group>"; };
/* End PBXFileReference section */

/* Begin PBXFrameworksBuildPhase section */
		A08715B720C75383003B620E /* Frameworks */ = {
			isa = PBXFrameworksBuildPhase;
			buildActionMask = 2147483647;
			files = (
			);
			runOnlyForDeploymentPostprocessing = 0;
		};
		A08715CB20C75385003B620E /* Frameworks */ = {
			isa = PBXFrameworksBuildPhase;
			buildActionMask = 2147483647;
			files = (
			);
			runOnlyForDeploymentPostprocessing = 0;
		};
/* End PBXFrameworksBuildPhase section */

/* Begin PBXGroup section */
		A03D41CE20C7D388009A6E8F /* Model */ = {
			isa = PBXGroup;
			children = (
				A03D41CF20C7D388009A6E8F /* Location.swift */,
				A03D41D020C7D388009A6E8F /* ToDoItem.swift */,
				A03D41D120C7D388009A6E8F /* ItemManager.swift */,
			);
			path = Model;
			sourceTree = "<group>";
		};
		A03D41D520C7D598009A6E8F /* Model Test */ = {
			isa = PBXGroup;
			children = (
				A03D41C020C778DD009A6E8F /* ToDoItemTests.swift */,
				A03D41C620C78BF6009A6E8F /* ItemManagerTests.swift */,
				A03D41CA20C7CD25009A6E8F /* LocationTest.swift */,
			);
			path = "Model Test";
			sourceTree = "<group>";
		};
		A08715B120C75383003B620E = {
			isa = PBXGroup;
			children = (
				A08715BC20C75383003B620E /* ToDo */,
				A08715D120C75385003B620E /* ToDoTests */,
				A08715BB20C75383003B620E /* Products */,
			);
			sourceTree = "<group>";
		};
		A08715BB20C75383003B620E /* Products */ = {
			isa = PBXGroup;
			children = (
				A08715BA20C75383003B620E /* ToDo.app */,
				A08715CE20C75385003B620E /* ToDoTests.xctest */,
			);
			name = Products;
			sourceTree = "<group>";
		};
		A08715BC20C75383003B620E /* ToDo */ = {
			isa = PBXGroup;
			children = (
				A03D41CE20C7D388009A6E8F /* Model */,
				A08715BD20C75383003B620E /* AppDelegate.swift */,
				A08715BF20C75383003B620E /* ViewController.swift */,
				A03D41D820C7D81E009A6E8F /* ItemListViewController.swift */,
				A03D41E620CE21B8009A6E8F /* DetailViewController.swift */,
				A03D41EA20CE569B009A6E8F /* InputViewController.swift */,
				A03D41E020C91499009A6E8F /* ItemCell.swift */,
				A03D41DC20C7E072009A6E8F /* ItemListDataProvider.swift */,
				A08715C120C75383003B620E /* Main.storyboard */,
				A08715C420C75385003B620E /* Assets.xcassets */,
				A08715C620C75385003B620E /* LaunchScreen.storyboard */,
				A08715C920C75385003B620E /* Info.plist */,
				A0CEA8FD20CE729800095C2E /* APIClient.swift */,
			);
			path = ToDo;
			sourceTree = "<group>";
		};
		A08715D120C75385003B620E /* ToDoTests */ = {
			isa = PBXGroup;
			children = (
				A08715D220C75385003B620E /* ToDoTests.swift */,
				A03D41D620C7D790009A6E8F /* ItemListViewControllerTest.swift */,
				A03D41E420CE20D5009A6E8F /* DetailViewControllerTests.swift */,
				A03D41E820CE54C0009A6E8F /* InputViewControllerTests.swift */,
				A03D41DE20C90AB7009A6E8F /* ItemListDataProviderTest.swift */,
				A03D41E220CE0FE0009A6E8F /* ItemCellTests.swift */,
				A0CEA8FF20CE72C200095C2E /* APIClientTest.swift */,
				A03D41D520C7D598009A6E8F /* Model Test */,
				A08715D420C75385003B620E /* Info.plist */,
			);
			path = ToDoTests;
			sourceTree = "<group>";
		};
/* End PBXGroup section */

/* Begin PBXNativeTarget section */
		A08715B920C75383003B620E /* ToDo */ = {
			isa = PBXNativeTarget;
			buildConfigurationList = A08715D720C75385003B620E /* Build configuration list for PBXNativeTarget "ToDo" */;
			buildPhases = (
				A08715B620C75383003B620E /* Sources */,
				A08715B720C75383003B620E /* Frameworks */,
				A08715B820C75383003B620E /* Resources */,
			);
			buildRules = (
			);
			dependencies = (
			);
			name = ToDo;
			productName = ToDo;
			productReference = A08715BA20C75383003B620E /* ToDo.app */;
			productType = "com.apple.product-type.application";
		};
		A08715CD20C75385003B620E /* ToDoTests */ = {
			isa = PBXNativeTarget;
			buildConfigurationList = A08715DA20C75385003B620E /* Build configuration list for PBXNativeTarget "ToDoTests" */;
			buildPhases = (
				A08715CA20C75385003B620E /* Sources */,
				A08715CB20C75385003B620E /* Frameworks */,
				A08715CC20C75385003B620E /* Resources */,
			);
			buildRules = (
			);
			dependencies = (
				A08715D020C75385003B620E /* PBXTargetDependency */,
			);
			name = ToDoTests;
			productName = ToDoTests;
			productReference = A08715CE20C75385003B620E /* ToDoTests.xctest */;
			productType = "com.apple.product-type.bundle.unit-test";
		};
/* End PBXNativeTarget section */

/* Begin PBXProject section */
		A08715B220C75383003B620E /* Project object */ = {
			isa = PBXProject;
			attributes = {
				LastSwiftUpdateCheck = 0930;
				LastUpgradeCheck = 0930;
				ORGANIZATIONNAME = lanjing;
				TargetAttributes = {
					A08715B920C75383003B620E = {
						CreatedOnToolsVersion = 9.3;
					};
					A08715CD20C75385003B620E = {
						CreatedOnToolsVersion = 9.3;
						TestTargetID = A08715B920C75383003B620E;
					};
				};
			};
			buildConfigurationList = A08715B520C75383003B620E /* Build configuration list for PBXProject "ToDo" */;
			compatibilityVersion = "Xcode 9.3";
			developmentRegion = en;
			hasScannedForEncodings = 0;
			knownRegions = (
				en,
				Base,
			);
			mainGroup = A08715B120C75383003B620E;
			productRefGroup = A08715BB20C75383003B620E /* Products */;
			projectDirPath = "";
			projectRoot = "";
			targets = (
				A08715B920C75383003B620E /* ToDo */,
				A08715CD20C75385003B620E /* ToDoTests */,
			);
		};
/* End PBXProject section */

/* Begin PBXResourcesBuildPhase section */
		A08715B820C75383003B620E /* Resources */ = {
			isa = PBXResourcesBuildPhase;
			buildActionMask = 2147483647;
			files = (
				A08715C820C75385003B620E /* LaunchScreen.storyboard in Resources */,
				A08715C520C75385003B620E /* Assets.xcassets in Resources */,
				A08715C320C75383003B620E /* Main.storyboard in Resources */,
			);
			runOnlyForDeploymentPostprocessing = 0;
		};
		A08715CC20C75385003B620E /* Resources */ = {
			isa = PBXResourcesBuildPhase;
			buildActionMask = 2147483647;
			files = (
			);
			runOnlyForDeploymentPostprocessing = 0;
		};
/* End PBXResourcesBuildPhase section */

/* Begin PBXSourcesBuildPhase section */
		A08715B620C75383003B620E /* Sources */ = {
			isa = PBXSourcesBuildPhase;
			buildActionMask = 2147483647;
			files = (
				A03D41E720CE21B8009A6E8F /* DetailViewController.swift in Sources */,
				A03D41EB20CE569B009A6E8F /* InputViewController.swift in Sources */,
				A03D41E120C91499009A6E8F /* ItemCell.swift in Sources */,
				A08715C020C75383003B620E /* ViewController.swift in Sources */,
				A03D41DD20C7E072009A6E8F /* ItemListDataProvider.swift in Sources */,
				A0CEA8FE20CE729800095C2E /* APIClient.swift in Sources */,
				A03D41D420C7D388009A6E8F /* ItemManager.swift in Sources */,
				A03D41D220C7D388009A6E8F /* Location.swift in Sources */,
				A03D41D320C7D388009A6E8F /* ToDoItem.swift in Sources */,
				A08715BE20C75383003B620E /* AppDelegate.swift in Sources */,
				A03D41D920C7D81E009A6E8F /* ItemListViewController.swift in Sources */,
			);
			runOnlyForDeploymentPostprocessing = 0;
		};
		A08715CA20C75385003B620E /* Sources */ = {
			isa = PBXSourcesBuildPhase;
			buildActionMask = 2147483647;
			files = (
				A03D41C720C78BF6009A6E8F /* ItemManagerTests.swift in Sources */,
				A0CEA90020CE72C200095C2E /* APIClientTest.swift in Sources */,
				A03D41D720C7D790009A6E8F /* ItemListViewControllerTest.swift in Sources */,
				A03D41C120C778DD009A6E8F /* ToDoItemTests.swift in Sources */,
				A03D41CB20C7CD25009A6E8F /* LocationTest.swift in Sources */,
				A03D41E320CE0FE0009A6E8F /* ItemCellTests.swift in Sources */,
				A08715D320C75385003B620E /* ToDoTests.swift in Sources */,
				A03D41E920CE54C0009A6E8F /* InputViewControllerTests.swift in Sources */,
				A03D41DF20C90AB7009A6E8F /* ItemListDataProviderTest.swift in Sources */,
				A03D41E520CE20D5009A6E8F /* DetailViewControllerTests.swift in Sources */,
			);
			runOnlyForDeploymentPostprocessing = 0;
		};
/* End PBXSourcesBuildPhase section */

/* Begin PBXTargetDependency section */
		A08715D020C75385003B620E /* PBXTargetDependency */ = {
			isa = PBXTargetDependency;
			target = A08715B920C75383003B620E /* ToDo */;
			targetProxy = A08715CF20C75385003B620E /* PBXContainerItemProxy */;
		};
/* End PBXTargetDependency section */

/* Begin PBXVariantGroup section */
		A08715C120C75383003B620E /* Main.storyboard */ = {
			isa = PBXVariantGroup;
			children = (
				A08715C220C75383003B620E /* Base */,
			);
			name = Main.storyboard;
			sourceTree = "<group>";
		};
		A08715C620C75385003B620E /* LaunchScreen.storyboard */ = {
			isa = PBXVariantGroup;
			children = (
				A08715C720C75385003B620E /* Base */,
			);
			name = LaunchScreen.storyboard;
			sourceTree = "<group>";
		};
/* End PBXVariantGroup section */

/* Begin XCBuildConfiguration section */
		A08715D520C75385003B620E /* Debug */ = {
			isa = XCBuildConfiguration;
			buildSettings = {
				ALWAYS_SEARCH_USER_PATHS = NO;
				CLANG_ANALYZER_NONNULL = YES;
				CLANG_ANALYZER_NUMBER_OBJECT_CONVERSION = YES_AGGRESSIVE;
				CLANG_CXX_LANGUAGE_STANDARD = "gnu++14";
				CLANG_CXX_LIBRARY = "libc++";
				CLANG_ENABLE_MODULES = YES;
				CLANG_ENABLE_OBJC_ARC = YES;
				CLANG_ENABLE_OBJC_WEAK = YES;
				CLANG_WARN_BLOCK_CAPTURE_AUTORELEASING = YES;
				CLANG_WARN_BOOL_CONVERSION = YES;
				CLANG_WARN_COMMA = YES;
				CLANG_WARN_CONSTANT_CONVERSION = YES;
				CLANG_WARN_DEPRECATED_OBJC_IMPLEMENTATIONS = YES;
				CLANG_WARN_DIRECT_OBJC_ISA_USAGE = YES_ERROR;
				CLANG_WARN_DOCUMENTATION_COMMENTS = YES;
				CLANG_WARN_EMPTY_BODY = YES;
				CLANG_WARN_ENUM_CONVERSION = YES;
				CLANG_WARN_INFINITE_RECURSION = YES;
				CLANG_WARN_INT_CONVERSION = YES;
				CLANG_WARN_NON_LITERAL_NULL_CONVERSION = YES;
				CLANG_WARN_OBJC_IMPLICIT_RETAIN_SELF = YES;
				CLANG_WARN_OBJC_LITERAL_CONVERSION = YES;
				CLANG_WARN_OBJC_ROOT_CLASS = YES_ERROR;
				CLANG_WARN_RANGE_LOOP_ANALYSIS = YES;
				CLANG_WARN_STRICT_PROTOTYPES = YES;
				CLANG_WARN_SUSPICIOUS_MOVE = YES;
				CLANG_WARN_UNGUARDED_AVAILABILITY = YES_AGGRESSIVE;
				CLANG_WARN_UNREACHABLE_CODE = YES;
				CLANG_WARN__DUPLICATE_METHOD_MATCH = YES;
				CODE_SIGN_IDENTITY = "iPhone Developer";
				COPY_PHASE_STRIP = NO;
				DEBUG_INFORMATION_FORMAT = dwarf;
				ENABLE_STRICT_OBJC_MSGSEND = YES;
				ENABLE_TESTABILITY = YES;
				GCC_C_LANGUAGE_STANDARD = gnu11;
				GCC_DYNAMIC_NO_PIC = NO;
				GCC_NO_COMMON_BLOCKS = YES;
				GCC_OPTIMIZATION_LEVEL = 0;
				GCC_PREPROCESSOR_DEFINITIONS = (
					"DEBUG=1",
					"$(inherited)",
				);
				GCC_WARN_64_TO_32_BIT_CONVERSION = YES;
				GCC_WARN_ABOUT_RETURN_TYPE = YES_ERROR;
				GCC_WARN_UNDECLARED_SELECTOR = YES;
				GCC_WARN_UNINITIALIZED_AUTOS = YES_AGGRESSIVE;
				GCC_WARN_UNUSED_FUNCTION = YES;
				GCC_WARN_UNUSED_VARIABLE = YES;
				IPHONEOS_DEPLOYMENT_TARGET = 11.3;
				MTL_ENABLE_DEBUG_INFO = YES;
				ONLY_ACTIVE_ARCH = YES;
				SDKROOT = iphoneos;
				SWIFT_ACTIVE_COMPILATION_CONDITIONS = DEBUG;
				SWIFT_OPTIMIZATION_LEVEL = "-Onone";
			};
			name = Debug;
		};
		A08715D620C75385003B620E /* Release */ = {
			isa = XCBuildConfiguration;
			buildSettings = {
				ALWAYS_SEARCH_USER_PATHS = NO;
				CLANG_ANALYZER_NONNULL = YES;
				CLANG_ANALYZER_NUMBER_OBJECT_CONVERSION = YES_AGGRESSIVE;
				CLANG_CXX_LANGUAGE_STANDARD = "gnu++14";
				CLANG_CXX_LIBRARY = "libc++";
				CLANG_ENABLE_MODULES = YES;
				CLANG_ENABLE_OBJC_ARC = YES;
				CLANG_ENABLE_OBJC_WEAK = YES;
				CLANG_WARN_BLOCK_CAPTURE_AUTORELEASING = YES;
				CLANG_WARN_BOOL_CONVERSION = YES;
				CLANG_WARN_COMMA = YES;
				CLANG_WARN_CONSTANT_CONVERSION = YES;
				CLANG_WARN_DEPRECATED_OBJC_IMPLEMENTATIONS = YES;
				CLANG_WARN_DIRECT_OBJC_ISA_USAGE = YES_ERROR;
				CLANG_WARN_DOCUMENTATION_COMMENTS = YES;
				CLANG_WARN_EMPTY_BODY = YES;
				CLANG_WARN_ENUM_CONVERSION = YES;
				CLANG_WARN_INFINITE_RECURSION = YES;
				CLANG_WARN_INT_CONVERSION = YES;
				CLANG_WARN_NON_LITERAL_NULL_CONVERSION = YES;
				CLANG_WARN_OBJC_IMPLICIT_RETAIN_SELF = YES;
				CLANG_WARN_OBJC_LITERAL_CONVERSION = YES;
				CLANG_WARN_OBJC_ROOT_CLASS = YES_ERROR;
				CLANG_WARN_RANGE_LOOP_ANALYSIS = YES;
				CLANG_WARN_STRICT_PROTOTYPES = YES;
				CLANG_WARN_SUSPICIOUS_MOVE = YES;
				CLANG_WARN_UNGUARDED_AVAILABILITY = YES_AGGRESSIVE;
				CLANG_WARN_UNREACHABLE_CODE = YES;
				CLANG_WARN__DUPLICATE_METHOD_MATCH = YES;
				CODE_SIGN_IDENTITY = "iPhone Developer";
				COPY_PHASE_STRIP = NO;
				DEBUG_INFORMATION_FORMAT = "dwarf-with-dsym";
				ENABLE_NS_ASSERTIONS = NO;
				ENABLE_STRICT_OBJC_MSGSEND = YES;
				GCC_C_LANGUAGE_STANDARD = gnu11;
				GCC_NO_COMMON_BLOCKS = YES;
				GCC_WARN_64_TO_32_BIT_CONVERSION = YES;
				GCC_WARN_ABOUT_RETURN_TYPE = YES_ERROR;
				GCC_WARN_UNDECLARED_SELECTOR = YES;
				GCC_WARN_UNINITIALIZED_AUTOS = YES_AGGRESSIVE;
				GCC_WARN_UNUSED_FUNCTION = YES;
				GCC_WARN_UNUSED_VARIABLE = YES;
				IPHONEOS_DEPLOYMENT_TARGET = 11.3;
				MTL_ENABLE_DEBUG_INFO = NO;
				SDKROOT = iphoneos;
				SWIFT_COMPILATION_MODE = wholemodule;
				SWIFT_OPTIMIZATION_LEVEL = "-O";
				VALIDATE_PRODUCT = YES;
			};
			name = Release;
		};
		A08715D820C75385003B620E /* Debug */ = {
			isa = XCBuildConfiguration;
			buildSettings = {
				ASSETCATALOG_COMPILER_APPICON_NAME = AppIcon;
				CODE_SIGN_STYLE = Automatic;
				INFOPLIST_FILE = ToDo/Info.plist;
				LD_RUNPATH_SEARCH_PATHS = (
					"$(inherited)",
					"@executable_path/Frameworks",
				);
				PRODUCT_BUNDLE_IDENTIFIER = com.waterwood.ToDo;
				PRODUCT_NAME = "$(TARGET_NAME)";
				SWIFT_VERSION = 4.0;
				TARGETED_DEVICE_FAMILY = "1,2";
			};
			name = Debug;
		};
		A08715D920C75385003B620E /* Release */ = {
			isa = XCBuildConfiguration;
			buildSettings = {
				ASSETCATALOG_COMPILER_APPICON_NAME = AppIcon;
				CODE_SIGN_STYLE = Automatic;
				INFOPLIST_FILE = ToDo/Info.plist;
				LD_RUNPATH_SEARCH_PATHS = (
					"$(inherited)",
					"@executable_path/Frameworks",
				);
				PRODUCT_BUNDLE_IDENTIFIER = com.waterwood.ToDo;
				PRODUCT_NAME = "$(TARGET_NAME)";
				SWIFT_VERSION = 4.0;
				TARGETED_DEVICE_FAMILY = "1,2";
			};
			name = Release;
		};
		A08715DB20C75385003B620E /* Debug */ = {
			isa = XCBuildConfiguration;
			buildSettings = {
				ALWAYS_EMBED_SWIFT_STANDARD_LIBRARIES = YES;
				BUNDLE_LOADER = "$(TEST_HOST)";
				CODE_SIGN_STYLE = Automatic;
				INFOPLIST_FILE = ToDoTests/Info.plist;
				LD_RUNPATH_SEARCH_PATHS = (
					"$(inherited)",
					"@executable_path/Frameworks",
					"@loader_path/Frameworks",
				);
				PRODUCT_BUNDLE_IDENTIFIER = com.waterwood.ToDoTests;
				PRODUCT_NAME = "$(TARGET_NAME)";
				SWIFT_VERSION = 4.0;
				TARGETED_DEVICE_FAMILY = "1,2";
				TEST_HOST = "$(BUILT_PRODUCTS_DIR)/ToDo.app/ToDo";
			};
			name = Debug;
		};
		A08715DC20C75385003B620E /* Release */ = {
			isa = XCBuildConfiguration;
			buildSettings = {
				ALWAYS_EMBED_SWIFT_STANDARD_LIBRARIES = YES;
				BUNDLE_LOADER = "$(TEST_HOST)";
				CODE_SIGN_STYLE = Automatic;
				INFOPLIST_FILE = ToDoTests/Info.plist;
				LD_RUNPATH_SEARCH_PATHS = (
					"$(inherited)",
					"@executable_path/Frameworks",
					"@loader_path/Frameworks",
				);
				PRODUCT_BUNDLE_IDENTIFIER = com.waterwood.ToDoTests;
				PRODUCT_NAME = "$(TARGET_NAME)";
				SWIFT_VERSION = 4.0;
				TARGETED_DEVICE_FAMILY = "1,2";
				TEST_HOST = "$(BUILT_PRODUCTS_DIR)/ToDo.app/ToDo";
			};
			name = Release;
		};
/* End XCBuildConfiguration section */

/* Begin XCConfigurationList section */
		A08715B520C75383003B620E /* Build configuration list for PBXProject "ToDo" */ = {
			isa = XCConfigurationList;
			buildConfigurations = (
				A08715D520C75385003B620E /* Debug */,
				A08715D620C75385003B620E /* Release */,
			);
			defaultConfigurationIsVisible = 0;
			defaultConfigurationName = Release;
		};
		A08715D720C75385003B620E /* Build configuration list for PBXNativeTarget "ToDo" */ = {
			isa = XCConfigurationList;
			buildConfigurations = (
				A08715D820C75385003B620E /* Debug */,
				A08715D920C75385003B620E /* Release */,
			);
			defaultConfigurationIsVisible = 0;
			defaultConfigurationName = Release;
		};
		A08715DA20C75385003B620E /* Build configuration list for PBXNativeTarget "ToDoTests" */ = {
			isa = XCConfigurationList;
			buildConfigurations = (
				A08715DB20C75385003B620E /* Debug */,
				A08715DC20C75385003B620E /* Release */,
			);
			defaultConfigurationIsVisible = 0;
			defaultConfigurationName = Release;
		};
/* End XCConfigurationList section */
	};
	rootObject = A08715B220C75383003B620E /* Project object */;
}
